// !$*UTF8*$!
{
	archiveVersion = 1;
	classes = {
	};
	objectVersion = 46;
	objects = {

/* Begin PBXFileReference section */
		35E7A0CA20119522009C52B5 /* resume.html */ = {isa = PBXFileReference; lastKnownFileType = text.html; path = resume.html; sourceTree = "<group>"; };
		35E7A0CD20119867009C52B5 /* bootstrap.css */ = {isa = PBXFileReference; lastKnownFileType = text.css; name = bootstrap.css; path = css/bootstrap.css; sourceTree = "<group>"; };
		35E7A0CE20119867009C52B5 /* font-awesome.min.css */ = {isa = PBXFileReference; lastKnownFileType = text.css; name = "font-awesome.min.css"; path = "css/font-awesome.min.css"; sourceTree = "<group>"; };
		35E7A0CF20119867009C52B5 /* main.css */ = {isa = PBXFileReference; lastKnownFileType = text.css; name = main.css; path = css/main.css; sourceTree = "<group>"; };
		35E7A0D020119876009C52B5 /* bootstrap.js */ = {isa = PBXFileReference; lastKnownFileType = sourcecode.javascript; name = bootstrap.js; path = js/bootstrap.js; sourceTree = "<group>"; };
		35E7A0D120119876009C52B5 /* jquery.min.js */ = {isa = PBXFileReference; lastKnownFileType = sourcecode.javascript; name = jquery.min.js; path = js/jquery.min.js; sourceTree = "<group>"; };
/* End PBXFileReference section */

/* Begin PBXGroup section */
		35E7A0C3201194DA009C52B5 = {
			isa = PBXGroup;
			children = (
				35E7A0D020119876009C52B5 /* bootstrap.js */,
				35E7A0D120119876009C52B5 /* jquery.min.js */,
				35E7A0CD20119867009C52B5 /* bootstrap.css */,
				35E7A0CE20119867009C52B5 /* font-awesome.min.css */,
				35E7A0CF20119867009C52B5 /* main.css */,
				35E7A0CA20119522009C52B5 /* resume.html */,
			);
			sourceTree = "<group>";
		};
/* End PBXGroup section */

/* Begin PBXProject section */
		35E7A0C4201194DA009C52B5 /* Project object */ = {
			isa = PBXProject;
			attributes = {
				LastUpgradeCheck = 0730;
			};
			buildConfigurationList = 35E7A0C7201194DA009C52B5 /* Build configuration list for PBXProject "Billy Jian website Resume" */;
			compatibilityVersion = "Xcode 3.2";
			developmentRegion = English;
			hasScannedForEncodings = 0;
			knownRegions = (
				en,
			);
			mainGroup = 35E7A0C3201194DA009C52B5;
			projectDirPath = "";
			projectRoot = "";
			targets = (
			);
		};
/* End PBXProject section */

/* Begin XCBuildConfiguration section */
		35E7A0C8201194DA009C52B5 /* Debug */ = {
			isa = XCBuildConfiguration;
			buildSettings = {
			};
			name = Debug;
		};
		35E7A0C9201194DA009C52B5 /* Release */ = {
			isa = XCBuildConfiguration;
			buildSettings = {
			};
			name = Release;
		};
/* End XCBuildConfiguration section */

/* Begin XCConfigurationList section */
		35E7A0C7201194DA009C52B5 /* Build configuration list for PBXProject "Billy Jian website Resume" */ = {
			isa = XCConfigurationList;
			buildConfigurations = (
				35E7A0C8201194DA009C52B5 /* Debug */,
				35E7A0C9201194DA009C52B5 /* Release */,
			);
			defaultConfigurationIsVisible = 0;
			defaultConfigurationName = Release;
		};
/* End XCConfigurationList section */
	};
	rootObject = 35E7A0C4201194DA009C52B5 /* Project object */;
}
